
Microsoft Visual Studio Solution File, Format Version 12.00
# Visual Studio Version 17
VisualStudioVersion = 17.0.31919.166
MinimumVisualStudioVersion = 10.0.40219.1
Project("{9A19103F-16F7-4668-BE54-9A1E7A4F7556}") = "Machine.Specifications.Runner.ReSharper", "src\Machine.Specifications.Runner.ReSharper\Machine.Specifications.Runner.ReSharper.csproj", "{79A3A8CA-CAEF-4DC6-83C9-E19A0C720B0E}"
EndProject
Project("{2150E333-8FDC-42A3-9474-1A3956D46DE8}") = "Build", "Build", "{9725D2B9-232B-45A2-92CC-4F7CDE717C94}"
	ProjectSection(SolutionItems) = preProject
		.github\workflows\build.yml = .github\workflows\build.yml
		CONTRIBUTING.md = CONTRIBUTING.md
		.config\dotnet-tools.json = .config\dotnet-tools.json
		install-plugin.ps1 = install-plugin.ps1
		plugin.xml = plugin.xml
		.github\workflows\publish.yml = .github\workflows\publish.yml
		README.md = README.md
		.github\workflows\update.yml = .github\workflows\update.yml
	EndProjectSection
EndProject
Project("{9A19103F-16F7-4668-BE54-9A1E7A4F7556}") = "Machine.Specifications.Runner.ReSharper.Adapters", "src\Machine.Specifications.Runner.ReSharper.Adapters\Machine.Specifications.Runner.ReSharper.Adapters.csproj", "{49062A8E-B51E-4DE6-AD81-9CEE62BBB25B}"
EndProject
Project("{9A19103F-16F7-4668-BE54-9A1E7A4F7556}") = "Machine.Specifications.Runner.ReSharper.Tasks", "src\Machine.Specifications.Runner.ReSharper.Tasks\Machine.Specifications.Runner.ReSharper.Tasks.csproj", "{8788CA0C-44A2-40EF-9859-076313FE884E}"
EndProject
Project("{9A19103F-16F7-4668-BE54-9A1E7A4F7556}") = "Machine.Specifications.Runner.ReSharper.Tests", "src\Machine.Specifications.Runner.ReSharper.Tests\Machine.Specifications.Runner.ReSharper.Tests.csproj", "{64E9C141-E05B-4CBD-B8FC-75AF0EBAF907}"
EndProject
Project("{FAE04EC0-301F-11D3-BF4B-00C04F79EFBC}") = "Machine.Specifications.Runner.ReSharper.Adapters.Tests", "src\Machine.Specifications.Runner.ReSharper.Adapters.Tests\Machine.Specifications.Runner.ReSharper.Adapters.Tests.csproj", "{AE5A2664-12B7-41EA-A0DA-648625363109}"
EndProject
Global
	GlobalSection(SolutionConfigurationPlatforms) = preSolution
		Debug|Any CPU = Debug|Any CPU
		Release|Any CPU = Release|Any CPU
	EndGlobalSection
	GlobalSection(ProjectConfigurationPlatforms) = postSolution
		{79A3A8CA-CAEF-4DC6-83C9-E19A0C720B0E}.Debug|Any CPU.ActiveCfg = Debug|Any CPU
		{79A3A8CA-CAEF-4DC6-83C9-E19A0C720B0E}.Debug|Any CPU.Build.0 = Debug|Any CPU
		{79A3A8CA-CAEF-4DC6-83C9-E19A0C720B0E}.Release|Any CPU.ActiveCfg = Release|Any CPU
		{79A3A8CA-CAEF-4DC6-83C9-E19A0C720B0E}.Release|Any CPU.Build.0 = Release|Any CPU
		{49062A8E-B51E-4DE6-AD81-9CEE62BBB25B}.Debug|Any CPU.ActiveCfg = Debug|Any CPU
		{49062A8E-B51E-4DE6-AD81-9CEE62BBB25B}.Debug|Any CPU.Build.0 = Debug|Any CPU
		{49062A8E-B51E-4DE6-AD81-9CEE62BBB25B}.Release|Any CPU.ActiveCfg = Release|Any CPU
		{49062A8E-B51E-4DE6-AD81-9CEE62BBB25B}.Release|Any CPU.Build.0 = Release|Any CPU
		{8788CA0C-44A2-40EF-9859-076313FE884E}.Debug|Any CPU.ActiveCfg = Debug|Any CPU
		{8788CA0C-44A2-40EF-9859-076313FE884E}.Debug|Any CPU.Build.0 = Debug|Any CPU
		{8788CA0C-44A2-40EF-9859-076313FE884E}.Release|Any CPU.ActiveCfg = Release|Any CPU
		{8788CA0C-44A2-40EF-9859-076313FE884E}.Release|Any CPU.Build.0 = Release|Any CPU
		{64E9C141-E05B-4CBD-B8FC-75AF0EBAF907}.Debug|Any CPU.ActiveCfg = Debug|Any CPU
		{64E9C141-E05B-4CBD-B8FC-75AF0EBAF907}.Debug|Any CPU.Build.0 = Debug|Any CPU
		{64E9C141-E05B-4CBD-B8FC-75AF0EBAF907}.Release|Any CPU.ActiveCfg = Release|Any CPU
		{64E9C141-E05B-4CBD-B8FC-75AF0EBAF907}.Release|Any CPU.Build.0 = Release|Any CPU
		{AE5A2664-12B7-41EA-A0DA-648625363109}.Debug|Any CPU.ActiveCfg = Debug|Any CPU
		{AE5A2664-12B7-41EA-A0DA-648625363109}.Debug|Any CPU.Build.0 = Debug|Any CPU
		{AE5A2664-12B7-41EA-A0DA-648625363109}.Release|Any CPU.ActiveCfg = Release|Any CPU
		{AE5A2664-12B7-41EA-A0DA-648625363109}.Release|Any CPU.Build.0 = Release|Any CPU
	EndGlobalSection
	GlobalSection(SolutionProperties) = preSolution
		HideSolutionNode = FALSE
	EndGlobalSection
	GlobalSection(ExtensibilityGlobals) = postSolution
		SolutionGuid = {96104B85-D662-42D9-8F61-E8D8C126C3A8}
	EndGlobalSection
EndGlobal
